
Microsoft Visual Studio Solution File, Format Version 12.00
# Visual Studio Version 17
VisualStudioVersion = 17.9.34728.123
MinimumVisualStudioVersion = 10.0.40219.1
Project("{FAE04EC0-301F-11D3-BF4B-00C04F79EFBC}") = "HSR_CHARACTERS.API", "HSR_CHARACTERS.API\HSR_CHARACTERS.API.csproj", "{4EEBE289-8E68-456E-BE23-6C9D9D73D068}"
EndProject
Global
	GlobalSection(SolutionConfigurationPlatforms) = preSolution
		Debug|Any CPU = Debug|Any CPU
		Release|Any CPU = Release|Any CPU
	EndGlobalSection
	GlobalSection(ProjectConfigurationPlatforms) = postSolution
		{4EEBE289-8E68-456E-BE23-6C9D9D73D068}.Debug|Any CPU.ActiveCfg = Debug|Any CPU
		{4EEBE289-8E68-456E-BE23-6C9D9D73D068}.Debug|Any CPU.Build.0 = Debug|Any CPU
		{4EEBE289-8E68-456E-BE23-6C9D9D73D068}.Release|Any CPU.ActiveCfg = Release|Any CPU
		{4EEBE289-8E68-456E-BE23-6C9D9D73D068}.Release|Any CPU.Build.0 = Release|Any CPU
	EndGlobalSection
	GlobalSection(SolutionProperties) = preSolution
		HideSolutionNode = FALSE
	EndGlobalSection
	GlobalSection(ExtensibilityGlobals) = postSolution
		SolutionGuid = {55CD28EF-ABD1-4965-8EA9-E0420C0E9CE8}
	EndGlobalSection
EndGlobal
