
Microsoft Visual Studio Solution File, Format Version 12.00
# Visual Studio Version 17
VisualStudioVersion = 17.9.34728.123
MinimumVisualStudioVersion = 10.0.40219.1
Project("{FAE04EC0-301F-11D3-BF4B-00C04F79EFBC}") = "Task20_", "Task20_\Task20_.csproj", "{1A5CF772-4CBF-4464-921B-5FF0977CC18F}"
EndProject
Global
	GlobalSection(SolutionConfigurationPlatforms) = preSolution
		Debug|Any CPU = Debug|Any CPU
		Release|Any CPU = Release|Any CPU
	EndGlobalSection
	GlobalSection(ProjectConfigurationPlatforms) = postSolution
		{1A5CF772-4CBF-4464-921B-5FF0977CC18F}.Debug|Any CPU.ActiveCfg = Debug|Any CPU
		{1A5CF772-4CBF-4464-921B-5FF0977CC18F}.Debug|Any CPU.Build.0 = Debug|Any CPU
		{1A5CF772-4CBF-4464-921B-5FF0977CC18F}.Release|Any CPU.ActiveCfg = Release|Any CPU
		{1A5CF772-4CBF-4464-921B-5FF0977CC18F}.Release|Any CPU.Build.0 = Release|Any CPU
	EndGlobalSection
	GlobalSection(SolutionProperties) = preSolution
		HideSolutionNode = FALSE
	EndGlobalSection
	GlobalSection(ExtensibilityGlobals) = postSolution
		SolutionGuid = {CB7F8C22-7A4E-4F61-990E-B9D8AEE8BD00}
	EndGlobalSection
EndGlobal
