
Microsoft Visual Studio Solution File, Format Version 12.00
# Visual Studio Version 17
VisualStudioVersion = 17.9.34728.123
MinimumVisualStudioVersion = 10.0.40219.1
Project("{FAE04EC0-301F-11D3-BF4B-00C04F79EFBC}") = "Task18", "Task18\Task18.csproj", "{EC615412-5C7C-4FDF-832C-15B531E50CD6}"
EndProject
Global
	GlobalSection(SolutionConfigurationPlatforms) = preSolution
		Debug|Any CPU = Debug|Any CPU
		Release|Any CPU = Release|Any CPU
	EndGlobalSection
	GlobalSection(ProjectConfigurationPlatforms) = postSolution
		{EC615412-5C7C-4FDF-832C-15B531E50CD6}.Debug|Any CPU.ActiveCfg = Debug|Any CPU
		{EC615412-5C7C-4FDF-832C-15B531E50CD6}.Debug|Any CPU.Build.0 = Debug|Any CPU
		{EC615412-5C7C-4FDF-832C-15B531E50CD6}.Release|Any CPU.ActiveCfg = Release|Any CPU
		{EC615412-5C7C-4FDF-832C-15B531E50CD6}.Release|Any CPU.Build.0 = Release|Any CPU
	EndGlobalSection
	GlobalSection(SolutionProperties) = preSolution
		HideSolutionNode = FALSE
	EndGlobalSection
	GlobalSection(ExtensibilityGlobals) = postSolution
		SolutionGuid = {67B06788-86F9-4800-835F-E219A0866212}
	EndGlobalSection
EndGlobal
