
Microsoft Visual Studio Solution File, Format Version 12.00
# Visual Studio Version 17
VisualStudioVersion = 17.9.34728.123
MinimumVisualStudioVersion = 10.0.40219.1
Project("{FAE04EC0-301F-11D3-BF4B-00C04F79EFBC}") = "Task20", "Task20\Task20.csproj", "{94956181-DCCC-4DE1-B902-C89F5C331C17}"
EndProject
Global
	GlobalSection(SolutionConfigurationPlatforms) = preSolution
		Debug|Any CPU = Debug|Any CPU
		Release|Any CPU = Release|Any CPU
	EndGlobalSection
	GlobalSection(ProjectConfigurationPlatforms) = postSolution
		{94956181-DCCC-4DE1-B902-C89F5C331C17}.Debug|Any CPU.ActiveCfg = Debug|Any CPU
		{94956181-DCCC-4DE1-B902-C89F5C331C17}.Debug|Any CPU.Build.0 = Debug|Any CPU
		{94956181-DCCC-4DE1-B902-C89F5C331C17}.Release|Any CPU.ActiveCfg = Release|Any CPU
		{94956181-DCCC-4DE1-B902-C89F5C331C17}.Release|Any CPU.Build.0 = Release|Any CPU
	EndGlobalSection
	GlobalSection(SolutionProperties) = preSolution
		HideSolutionNode = FALSE
	EndGlobalSection
	GlobalSection(ExtensibilityGlobals) = postSolution
		SolutionGuid = {960E376D-1EBC-49CF-9220-A8AB2B973CD7}
	EndGlobalSection
EndGlobal
